
Microsoft Visual Studio Solution File, Format Version 12.00
# Visual Studio Version 17
VisualStudioVersion = 17.7.34221.43
MinimumVisualStudioVersion = 10.0.40219.1
Project("{FAE04EC0-301F-11D3-BF4B-00C04F79EFBC}") = "lab5", "lab5\lab5.csproj", "{9E875A84-24F8-418F-ABA4-C495B1E16EA2}"
EndProject
Global
	GlobalSection(SolutionConfigurationPlatforms) = preSolution
		Debug|Any CPU = Debug|Any CPU
		Release|Any CPU = Release|Any CPU
	EndGlobalSection
	GlobalSection(ProjectConfigurationPlatforms) = postSolution
		{9E875A84-24F8-418F-ABA4-C495B1E16EA2}.Debug|Any CPU.ActiveCfg = Debug|Any CPU
		{9E875A84-24F8-418F-ABA4-C495B1E16EA2}.Debug|Any CPU.Build.0 = Debug|Any CPU
		{9E875A84-24F8-418F-ABA4-C495B1E16EA2}.Release|Any CPU.ActiveCfg = Release|Any CPU
		{9E875A84-24F8-418F-ABA4-C495B1E16EA2}.Release|Any CPU.Build.0 = Release|Any CPU
	EndGlobalSection
	GlobalSection(SolutionProperties) = preSolution
		HideSolutionNode = FALSE
	EndGlobalSection
	GlobalSection(ExtensibilityGlobals) = postSolution
		SolutionGuid = {D66A4C8A-5859-476C-A2AF-4B4BB90C2400}
	EndGlobalSection
EndGlobal
